// !$*UTF8*$!
{
	archiveVersion = 1;
	classes = {
	};
	objectVersion = 46;
	objects = {

/* Begin PBXBuildFile section */
		AB0ABB2F19F31102003E523F /* main.m in Sources */ = {isa = PBXBuildFile; fileRef = AB0ABB2E19F31102003E523F /* main.m */; };
		AB0ABB3219F31102003E523F /* AppDelegate.m in Sources */ = {isa = PBXBuildFile; fileRef = AB0ABB3119F31102003E523F /* AppDelegate.m */; };
		AB0ABB3519F31102003E523F /* ViewController.m in Sources */ = {isa = PBXBuildFile; fileRef = AB0ABB3419F31102003E523F /* ViewController.m */; };
		AB0ABB3819F31102003E523F /* Main.storyboard in Resources */ = {isa = PBXBuildFile; fileRef = AB0ABB3619F31102003E523F /* Main.storyboard */; };
		AB0ABB3A19F31102003E523F /* Images.xcassets in Resources */ = {isa = PBXBuildFile; fileRef = AB0ABB3919F31102003E523F /* Images.xcassets */; };
		AB0ABB3D19F31102003E523F /* LaunchScreen.xib in Resources */ = {isa = PBXBuildFile; fileRef = AB0ABB3B19F31102003E523F /* LaunchScreen.xib */; };
		AB0ABB4919F31102003E523F /* PookieListTests.m in Sources */ = {isa = PBXBuildFile; fileRef = AB0ABB4819F31102003E523F /* PookieListTests.m */; };
/* End PBXBuildFile section */

/* Begin PBXContainerItemProxy section */
		AB0ABB4319F31102003E523F /* PBXContainerItemProxy */ = {
			isa = PBXContainerItemProxy;
			containerPortal = AB0ABB2119F31102003E523F /* Project object */;
			proxyType = 1;
			remoteGlobalIDString = AB0ABB2819F31102003E523F;
			remoteInfo = PookieList;
		};
/* End PBXContainerItemProxy section */

/* Begin PBXFileReference section */
		AB0ABB2919F31102003E523F /* PookieList.app */ = {isa = PBXFileReference; explicitFileType = wrapper.application; includeInIndex = 0; path = PookieList.app; sourceTree = BUILT_PRODUCTS_DIR; };
		AB0ABB2D19F31102003E523F /* Info.plist */ = {isa = PBXFileReference; lastKnownFileType = text.plist.xml; path = Info.plist; sourceTree = "<group>"; };
		AB0ABB2E19F31102003E523F /* main.m */ = {isa = PBXFileReference; lastKnownFileType = sourcecode.c.objc; path = main.m; sourceTree = "<group>"; };
		AB0ABB3019F31102003E523F /* AppDelegate.h */ = {isa = PBXFileReference; lastKnownFileType = sourcecode.c.h; path = AppDelegate.h; sourceTree = "<group>"; };
		AB0ABB3119F31102003E523F /* AppDelegate.m */ = {isa = PBXFileReference; lastKnownFileType = sourcecode.c.objc; path = AppDelegate.m; sourceTree = "<group>"; };
		AB0ABB3319F31102003E523F /* ViewController.h */ = {isa = PBXFileReference; lastKnownFileType = sourcecode.c.h; path = ViewController.h; sourceTree = "<group>"; };
		AB0ABB3419F31102003E523F /* ViewController.m */ = {isa = PBXFileReference; lastKnownFileType = sourcecode.c.objc; path = ViewController.m; sourceTree = "<group>"; };
		AB0ABB3719F31102003E523F /* Base */ = {isa = PBXFileReference; lastKnownFileType = file.storyboard; name = Base; path = Base.lproj/Main.storyboard; sourceTree = "<group>"; };
		AB0ABB3919F31102003E523F /* Images.xcassets */ = {isa = PBXFileReference; lastKnownFileType = folder.assetcatalog; path = Images.xcassets; sourceTree = "<group>"; };
		AB0ABB3C19F31102003E523F /* Base */ = {isa = PBXFileReference; lastKnownFileType = file.xib; name = Base; path = Base.lproj/LaunchScreen.xib; sourceTree = "<group>"; };
		AB0ABB4219F31102003E523F /* PookieListTests.xctest */ = {isa = PBXFileReference; explicitFileType = wrapper.cfbundle; includeInIndex = 0; path = PookieListTests.xctest; sourceTree = BUILT_PRODUCTS_DIR; };
		AB0ABB4719F31102003E523F /* Info.plist */ = {isa = PBXFileReference; lastKnownFileType = text.plist.xml; path = Info.plist; sourceTree = "<group>"; };
		AB0ABB4819F31102003E523F /* PookieListTests.m */ = {isa = PBXFileReference; lastKnownFileType = sourcecode.c.objc; path = PookieListTests.m; sourceTree = "<group>"; };
/* End PBXFileReference section */

/* Begin PBXFrameworksBuildPhase section */
		AB0ABB2619F31102003E523F /* Frameworks */ = {
			isa = PBXFrameworksBuildPhase;
			buildActionMask = 2147483647;
			files = (
			);
			runOnlyForDeploymentPostprocessing = 0;
		};
		AB0ABB3F19F31102003E523F /* Frameworks */ = {
			isa = PBXFrameworksBuildPhase;
			buildActionMask = 2147483647;
			files = (
			);
			runOnlyForDeploymentPostprocessing = 0;
		};
/* End PBXFrameworksBuildPhase section */

/* Begin PBXGroup section */
		AB0ABB2019F31102003E523F = {
			isa = PBXGroup;
			children = (
				AB0ABB2B19F31102003E523F /* PookieList */,
				AB0ABB4519F31102003E523F /* PookieListTests */,
				AB0ABB2A19F31102003E523F /* Products */,
			);
			sourceTree = "<group>";
		};
		AB0ABB2A19F31102003E523F /* Products */ = {
			isa = PBXGroup;
			children = (
				AB0ABB2919F31102003E523F /* PookieList.app */,
				AB0ABB4219F31102003E523F /* PookieListTests.xctest */,
			);
			name = Products;
			sourceTree = "<group>";
		};
		AB0ABB2B19F31102003E523F /* PookieList */ = {
			isa = PBXGroup;
			children = (
				AB0ABB3019F31102003E523F /* AppDelegate.h */,
				AB0ABB3119F31102003E523F /* AppDelegate.m */,
				AB0ABB3319F31102003E523F /* ViewController.h */,
				AB0ABB3419F31102003E523F /* ViewController.m */,
				AB0ABB3619F31102003E523F /* Main.storyboard */,
				AB0ABB3919F31102003E523F /* Images.xcassets */,
				AB0ABB3B19F31102003E523F /* LaunchScreen.xib */,
				AB0ABB2C19F31102003E523F /* Supporting Files */,
			);
			path = PookieList;
			sourceTree = "<group>";
		};
		AB0ABB2C19F31102003E523F /* Supporting Files */ = {
			isa = PBXGroup;
			children = (
				AB0ABB2D19F31102003E523F /* Info.plist */,
				AB0ABB2E19F31102003E523F /* main.m */,
			);
			name = "Supporting Files";
			sourceTree = "<group>";
		};
		AB0ABB4519F31102003E523F /* PookieListTests */ = {
			isa = PBXGroup;
			children = (
				AB0ABB4819F31102003E523F /* PookieListTests.m */,
				AB0ABB4619F31102003E523F /* Supporting Files */,
			);
			path = PookieListTests;
			sourceTree = "<group>";
		};
		AB0ABB4619F31102003E523F /* Supporting Files */ = {
			isa = PBXGroup;
			children = (
				AB0ABB4719F31102003E523F /* Info.plist */,
			);
			name = "Supporting Files";
			sourceTree = "<group>";
		};
/* End PBXGroup section */

/* Begin PBXNativeTarget section */
		AB0ABB2819F31102003E523F /* PookieList */ = {
			isa = PBXNativeTarget;
			buildConfigurationList = AB0ABB4C19F31102003E523F /* Build configuration list for PBXNativeTarget "PookieList" */;
			buildPhases = (
				AB0ABB2519F31102003E523F /* Sources */,
				AB0ABB2619F31102003E523F /* Frameworks */,
				AB0ABB2719F31102003E523F /* Resources */,
			);
			buildRules = (
			);
			dependencies = (
			);
			name = PookieList;
			productName = PookieList;
			productReference = AB0ABB2919F31102003E523F /* PookieList.app */;
			productType = "com.apple.product-type.application";
		};
		AB0ABB4119F31102003E523F /* PookieListTests */ = {
			isa = PBXNativeTarget;
			buildConfigurationList = AB0ABB4F19F31102003E523F /* Build configuration list for PBXNativeTarget "PookieListTests" */;
			buildPhases = (
				AB0ABB3E19F31102003E523F /* Sources */,
				AB0ABB3F19F31102003E523F /* Frameworks */,
				AB0ABB4019F31102003E523F /* Resources */,
			);
			buildRules = (
			);
			dependencies = (
				AB0ABB4419F31102003E523F /* PBXTargetDependency */,
			);
			name = PookieListTests;
			productName = PookieListTests;
			productReference = AB0ABB4219F31102003E523F /* PookieListTests.xctest */;
			productType = "com.apple.product-type.bundle.unit-test";
		};
/* End PBXNativeTarget section */

/* Begin PBXProject section */
		AB0ABB2119F31102003E523F /* Project object */ = {
			isa = PBXProject;
			attributes = {
				LastUpgradeCheck = 0600;
				ORGANIZATIONNAME = "Calvin Chestnut";
				TargetAttributes = {
					AB0ABB2819F31102003E523F = {
						CreatedOnToolsVersion = 6.0;
					};
					AB0ABB4119F31102003E523F = {
						CreatedOnToolsVersion = 6.0;
						TestTargetID = AB0ABB2819F31102003E523F;
					};
				};
			};
			buildConfigurationList = AB0ABB2419F31102003E523F /* Build configuration list for PBXProject "PookieList" */;
			compatibilityVersion = "Xcode 3.2";
			developmentRegion = English;
			hasScannedForEncodings = 0;
			knownRegions = (
				en,
				Base,
			);
			mainGroup = AB0ABB2019F31102003E523F;
			productRefGroup = AB0ABB2A19F31102003E523F /* Products */;
			projectDirPath = "";
			projectRoot = "";
			targets = (
				AB0ABB2819F31102003E523F /* PookieList */,
				AB0ABB4119F31102003E523F /* PookieListTests */,
			);
		};
/* End PBXProject section */

/* Begin PBXResourcesBuildPhase section */
		AB0ABB2719F31102003E523F /* Resources */ = {
			isa = PBXResourcesBuildPhase;
			buildActionMask = 2147483647;
			files = (
				AB0ABB3819F31102003E523F /* Main.storyboard in Resources */,
				AB0ABB3D19F31102003E523F /* LaunchScreen.xib in Resources */,
				AB0ABB3A19F31102003E523F /* Images.xcassets in Resources */,
			);
			runOnlyForDeploymentPostprocessing = 0;
		};
		AB0ABB4019F31102003E523F /* Resources */ = {
			isa = PBXResourcesBuildPhase;
			buildActionMask = 2147483647;
			files = (
			);
			runOnlyForDeploymentPostprocessing = 0;
		};
/* End PBXResourcesBuildPhase section */

/* Begin PBXSourcesBuildPhase section */
		AB0ABB2519F31102003E523F /* Sources */ = {
			isa = PBXSourcesBuildPhase;
			buildActionMask = 2147483647;
			files = (
				AB0ABB3519F31102003E523F /* ViewController.m in Sources */,
				AB0ABB3219F31102003E523F /* AppDelegate.m in Sources */,
				AB0ABB2F19F31102003E523F /* main.m in Sources */,
			);
			runOnlyForDeploymentPostprocessing = 0;
		};
		AB0ABB3E19F31102003E523F /* Sources */ = {
			isa = PBXSourcesBuildPhase;
			buildActionMask = 2147483647;
			files = (
				AB0ABB4919F31102003E523F /* PookieListTests.m in Sources */,
			);
			runOnlyForDeploymentPostprocessing = 0;
		};
/* End PBXSourcesBuildPhase section */

/* Begin PBXTargetDependency section */
		AB0ABB4419F31102003E523F /* PBXTargetDependency */ = {
			isa = PBXTargetDependency;
			target = AB0ABB2819F31102003E523F /* PookieList */;
			targetProxy = AB0ABB4319F31102003E523F /* PBXContainerItemProxy */;
		};
/* End PBXTargetDependency section */

/* Begin PBXVariantGroup section */
		AB0ABB3619F31102003E523F /* Main.storyboard */ = {
			isa = PBXVariantGroup;
			children = (
				AB0ABB3719F31102003E523F /* Base */,
			);
			name = Main.storyboard;
			sourceTree = "<group>";
		};
		AB0ABB3B19F31102003E523F /* LaunchScreen.xib */ = {
			isa = PBXVariantGroup;
			children = (
				AB0ABB3C19F31102003E523F /* Base */,
			);
			name = LaunchScreen.xib;
			sourceTree = "<group>";
		};
/* End PBXVariantGroup section */

/* Begin XCBuildConfiguration section */
		AB0ABB4A19F31102003E523F /* Debug */ = {
			isa = XCBuildConfiguration;
			buildSettings = {
				ALWAYS_SEARCH_USER_PATHS = NO;
				CLANG_CXX_LANGUAGE_STANDARD = "gnu++0x";
				CLANG_CXX_LIBRARY = "libc++";
				CLANG_ENABLE_MODULES = YES;
				CLANG_ENABLE_OBJC_ARC = YES;
				CLANG_WARN_BOOL_CONVERSION = YES;
				CLANG_WARN_CONSTANT_CONVERSION = YES;
				CLANG_WARN_DIRECT_OBJC_ISA_USAGE = YES_ERROR;
				CLANG_WARN_EMPTY_BODY = YES;
				CLANG_WARN_ENUM_CONVERSION = YES;
				CLANG_WARN_INT_CONVERSION = YES;
				CLANG_WARN_OBJC_ROOT_CLASS = YES_ERROR;
				CLANG_WARN_UNREACHABLE_CODE = YES;
				CLANG_WARN__DUPLICATE_METHOD_MATCH = YES;
				"CODE_SIGN_IDENTITY[sdk=iphoneos*]" = "iPhone Developer";
				COPY_PHASE_STRIP = NO;
				ENABLE_STRICT_OBJC_MSGSEND = YES;
				GCC_C_LANGUAGE_STANDARD = gnu99;
				GCC_DYNAMIC_NO_PIC = NO;
				GCC_OPTIMIZATION_LEVEL = 0;
				GCC_PREPROCESSOR_DEFINITIONS = (
					"DEBUG=1",
					"$(inherited)",
				);
				GCC_SYMBOLS_PRIVATE_EXTERN = NO;
				GCC_WARN_64_TO_32_BIT_CONVERSION = YES;
				GCC_WARN_ABOUT_RETURN_TYPE = YES_ERROR;
				GCC_WARN_UNDECLARED_SELECTOR = YES;
				GCC_WARN_UNINITIALIZED_AUTOS = YES_AGGRESSIVE;
				GCC_WARN_UNUSED_FUNCTION = YES;
				GCC_WARN_UNUSED_VARIABLE = YES;
				IPHONEOS_DEPLOYMENT_TARGET = 8.0;
				MTL_ENABLE_DEBUG_INFO = YES;
				ONLY_ACTIVE_ARCH = YES;
				SDKROOT = iphoneos;
			};
			name = Debug;
		};
		AB0ABB4B19F31102003E523F /* Release */ = {
			isa = XCBuildConfiguration;
			buildSettings = {
				ALWAYS_SEARCH_USER_PATHS = NO;
				CLANG_CXX_LANGUAGE_STANDARD = "gnu++0x";
				CLANG_CXX_LIBRARY = "libc++";
				CLANG_ENABLE_MODULES = YES;
				CLANG_ENABLE_OBJC_ARC = YES;
				CLANG_WARN_BOOL_CONVERSION = YES;
				CLANG_WARN_CONSTANT_CONVERSION = YES;
				CLANG_WARN_DIRECT_OBJC_ISA_USAGE = YES_ERROR;
				CLANG_WARN_EMPTY_BODY = YES;
				CLANG_WARN_ENUM_CONVERSION = YES;
				CLANG_WARN_INT_CONVERSION = YES;
				CLANG_WARN_OBJC_ROOT_CLASS = YES_ERROR;
				CLANG_WARN_UNREACHABLE_CODE = YES;
				CLANG_WARN__DUPLICATE_METHOD_MATCH = YES;
				"CODE_SIGN_IDENTITY[sdk=iphoneos*]" = "iPhone Developer";
				COPY_PHASE_STRIP = YES;
				ENABLE_NS_ASSERTIONS = NO;
				ENABLE_STRICT_OBJC_MSGSEND = YES;
				GCC_C_LANGUAGE_STANDARD = gnu99;
				GCC_WARN_64_TO_32_BIT_CONVERSION = YES;
				GCC_WARN_ABOUT_RETURN_TYPE = YES_ERROR;
				GCC_WARN_UNDECLARED_SELECTOR = YES;
				GCC_WARN_UNINITIALIZED_AUTOS = YES_AGGRESSIVE;
				GCC_WARN_UNUSED_FUNCTION = YES;
				GCC_WARN_UNUSED_VARIABLE = YES;
				IPHONEOS_DEPLOYMENT_TARGET = 8.0;
				MTL_ENABLE_DEBUG_INFO = NO;
				SDKROOT = iphoneos;
				VALIDATE_PRODUCT = YES;
			};
			name = Release;
		};
		AB0ABB4D19F31102003E523F /* Debug */ = {
			isa = XCBuildConfiguration;
			buildSettings = {
				ASSETCATALOG_COMPILER_APPICON_NAME = AppIcon;
				INFOPLIST_FILE = PookieList/Info.plist;
				LD_RUNPATH_SEARCH_PATHS = "$(inherited) @executable_path/Frameworks";
				PRODUCT_NAME = "$(TARGET_NAME)";
			};
			name = Debug;
		};
		AB0ABB4E19F31102003E523F /* Release */ = {
			isa = XCBuildConfiguration;
			buildSettings = {
				ASSETCATALOG_COMPILER_APPICON_NAME = AppIcon;
				INFOPLIST_FILE = PookieList/Info.plist;
				LD_RUNPATH_SEARCH_PATHS = "$(inherited) @executable_path/Frameworks";
				PRODUCT_NAME = "$(TARGET_NAME)";
			};
			name = Release;
		};
		AB0ABB5019F31102003E523F /* Debug */ = {
			isa = XCBuildConfiguration;
			buildSettings = {
				BUNDLE_LOADER = "$(TEST_HOST)";
				FRAMEWORK_SEARCH_PATHS = (
					"$(SDKROOT)/Developer/Library/Frameworks",
					"$(inherited)",
				);
				GCC_PREPROCESSOR_DEFINITIONS = (
					"DEBUG=1",
					"$(inherited)",
				);
				INFOPLIST_FILE = PookieListTests/Info.plist;
				LD_RUNPATH_SEARCH_PATHS = "$(inherited) @executable_path/Frameworks @loader_path/Frameworks";
				PRODUCT_NAME = "$(TARGET_NAME)";
				TEST_HOST = "$(BUILT_PRODUCTS_DIR)/PookieList.app/PookieList";
			};
			name = Debug;
		};
		AB0ABB5119F31102003E523F /* Release */ = {
			isa = XCBuildConfiguration;
			buildSettings = {
				BUNDLE_LOADER = "$(TEST_HOST)";
				FRAMEWORK_SEARCH_PATHS = (
					"$(SDKROOT)/Developer/Library/Frameworks",
					"$(inherited)",
				);
				INFOPLIST_FILE = PookieListTests/Info.plist;
				LD_RUNPATH_SEARCH_PATHS = "$(inherited) @executable_path/Frameworks @loader_path/Frameworks";
				PRODUCT_NAME = "$(TARGET_NAME)";
				TEST_HOST = "$(BUILT_PRODUCTS_DIR)/PookieList.app/PookieList";
			};
			name = Release;
		};
/* End XCBuildConfiguration section */

/* Begin XCConfigurationList section */
		AB0ABB2419F31102003E523F /* Build configuration list for PBXProject "PookieList" */ = {
			isa = XCConfigurationList;
			buildConfigurations = (
				AB0ABB4A19F31102003E523F /* Debug */,
				AB0ABB4B19F31102003E523F /* Release */,
			);
			defaultConfigurationIsVisible = 0;
			defaultConfigurationName = Release;
		};
		AB0ABB4C19F31102003E523F /* Build configuration list for PBXNativeTarget "PookieList" */ = {
			isa = XCConfigurationList;
			buildConfigurations = (
				AB0ABB4D19F31102003E523F /* Debug */,
				AB0ABB4E19F31102003E523F /* Release */,
			);
			defaultConfigurationIsVisible = 0;
		};
		AB0ABB4F19F31102003E523F /* Build configuration list for PBXNativeTarget "PookieListTests" */ = {
			isa = XCConfigurationList;
			buildConfigurations = (
				AB0ABB5019F31102003E523F /* Debug */,
				AB0ABB5119F31102003E523F /* Release */,
			);
			defaultConfigurationIsVisible = 0;
		};
/* End XCConfigurationList section */
	};
	rootObject = AB0ABB2119F31102003E523F /* Project object */;
}
